
Microsoft Visual Studio Solution File, Format Version 12.00
# Visual Studio Version 17
VisualStudioVersion = 17.7.34024.191
MinimumVisualStudioVersion = 10.0.40219.1
Project("{FAE04EC0-301F-11D3-BF4B-00C04F79EFBC}") = "PoliziaMunicipale_MVC", "PoliziaMunicipale_MVC\PoliziaMunicipale_MVC.csproj", "{906B4EA8-106C-4B32-A204-F61E860DEB6C}"
EndProject
Global
	GlobalSection(SolutionConfigurationPlatforms) = preSolution
		Debug|Any CPU = Debug|Any CPU
		Release|Any CPU = Release|Any CPU
	EndGlobalSection
	GlobalSection(ProjectConfigurationPlatforms) = postSolution
		{906B4EA8-106C-4B32-A204-F61E860DEB6C}.Debug|Any CPU.ActiveCfg = Debug|Any CPU
		{906B4EA8-106C-4B32-A204-F61E860DEB6C}.Debug|Any CPU.Build.0 = Debug|Any CPU
		{906B4EA8-106C-4B32-A204-F61E860DEB6C}.Release|Any CPU.ActiveCfg = Release|Any CPU
		{906B4EA8-106C-4B32-A204-F61E860DEB6C}.Release|Any CPU.Build.0 = Release|Any CPU
	EndGlobalSection
	GlobalSection(SolutionProperties) = preSolution
		HideSolutionNode = FALSE
	EndGlobalSection
	GlobalSection(ExtensibilityGlobals) = postSolution
		SolutionGuid = {725EBBB4-172C-45A4-B68E-D76F9584C736}
	EndGlobalSection
EndGlobal
